
Microsoft Visual Studio Solution File, Format Version 12.00
# Visual Studio Version 17
VisualStudioVersion = 17.5.002.0
MinimumVisualStudioVersion = 10.0.40219.1
Project("{9A19103F-16F7-4668-BE54-9A1E7A4F7556}") = "Flight", "Flight.csproj", "{8119529A-4CC4-407B-B072-2C729692B833}"
EndProject
Global
	GlobalSection(SolutionConfigurationPlatforms) = preSolution
		Debug|Any CPU = Debug|Any CPU
		Release|Any CPU = Release|Any CPU
	EndGlobalSection
	GlobalSection(ProjectConfigurationPlatforms) = postSolution
		{8119529A-4CC4-407B-B072-2C729692B833}.Debug|Any CPU.ActiveCfg = Debug|Any CPU
		{8119529A-4CC4-407B-B072-2C729692B833}.Debug|Any CPU.Build.0 = Debug|Any CPU
		{8119529A-4CC4-407B-B072-2C729692B833}.Release|Any CPU.ActiveCfg = Release|Any CPU
		{8119529A-4CC4-407B-B072-2C729692B833}.Release|Any CPU.Build.0 = Release|Any CPU
	EndGlobalSection
	GlobalSection(SolutionProperties) = preSolution
		HideSolutionNode = FALSE
	EndGlobalSection
	GlobalSection(ExtensibilityGlobals) = postSolution
		SolutionGuid = {80D9DCAB-2E5C-418F-BA74-754B2E426B90}
	EndGlobalSection
EndGlobal
